
Microsoft Visual Studio Solution File, Format Version 12.00
# Visual Studio 15
VisualStudioVersion = 15.0.28307.1209
MinimumVisualStudioVersion = 10.0.40219.1
Project("{FAE04EC0-301F-11D3-BF4B-00C04F79EFBC}") = "Multiples3and5", "ConsoleApp1\Multiples3and5.csproj", "{304BF910-B235-402B-AF70-BE096AB037C8}"
EndProject
Global
	GlobalSection(SolutionConfigurationPlatforms) = preSolution
		Debug|Any CPU = Debug|Any CPU
		Release|Any CPU = Release|Any CPU
	EndGlobalSection
	GlobalSection(ProjectConfigurationPlatforms) = postSolution
		{304BF910-B235-402B-AF70-BE096AB037C8}.Debug|Any CPU.ActiveCfg = Debug|Any CPU
		{304BF910-B235-402B-AF70-BE096AB037C8}.Debug|Any CPU.Build.0 = Debug|Any CPU
		{304BF910-B235-402B-AF70-BE096AB037C8}.Release|Any CPU.ActiveCfg = Release|Any CPU
		{304BF910-B235-402B-AF70-BE096AB037C8}.Release|Any CPU.Build.0 = Release|Any CPU
	EndGlobalSection
	GlobalSection(SolutionProperties) = preSolution
		HideSolutionNode = FALSE
	EndGlobalSection
	GlobalSection(ExtensibilityGlobals) = postSolution
		SolutionGuid = {A515667C-5266-418F-B236-25DE6BC36088}
	EndGlobalSection
EndGlobal
